
Microsoft Visual Studio Solution File, Format Version 12.00
# Visual Studio Version 17
VisualStudioVersion = 17.6.33829.357
MinimumVisualStudioVersion = 10.0.40219.1
Project("{FAE04EC0-301F-11D3-BF4B-00C04F79EFBC}") = "Location.Android", "Location\Location.Android\Location.Android.csproj", "{61F2D365-619B-4853-89BD-71686DBA2861}"
EndProject
Project("{FAE04EC0-301F-11D3-BF4B-00C04F79EFBC}") = "Location", "Location\Location\Location.csproj", "{6FBD947C-8673-4E79-9FB2-0F1B3FBE3D12}"
EndProject
Global
	GlobalSection(SolutionConfigurationPlatforms) = preSolution
		Debug|Any CPU = Debug|Any CPU
		Release|Any CPU = Release|Any CPU
	EndGlobalSection
	GlobalSection(ProjectConfigurationPlatforms) = postSolution
		{61F2D365-619B-4853-89BD-71686DBA2861}.Debug|Any CPU.ActiveCfg = Debug|Any CPU
		{61F2D365-619B-4853-89BD-71686DBA2861}.Debug|Any CPU.Build.0 = Debug|Any CPU
		{61F2D365-619B-4853-89BD-71686DBA2861}.Debug|Any CPU.Deploy.0 = Debug|Any CPU
		{61F2D365-619B-4853-89BD-71686DBA2861}.Release|Any CPU.ActiveCfg = Release|Any CPU
		{61F2D365-619B-4853-89BD-71686DBA2861}.Release|Any CPU.Build.0 = Release|Any CPU
		{61F2D365-619B-4853-89BD-71686DBA2861}.Release|Any CPU.Deploy.0 = Release|Any CPU
		{6FBD947C-8673-4E79-9FB2-0F1B3FBE3D12}.Debug|Any CPU.ActiveCfg = Debug|Any CPU
		{6FBD947C-8673-4E79-9FB2-0F1B3FBE3D12}.Debug|Any CPU.Build.0 = Debug|Any CPU
		{6FBD947C-8673-4E79-9FB2-0F1B3FBE3D12}.Debug|Any CPU.Deploy.0 = Debug|Any CPU
		{6FBD947C-8673-4E79-9FB2-0F1B3FBE3D12}.Release|Any CPU.ActiveCfg = Release|Any CPU
		{6FBD947C-8673-4E79-9FB2-0F1B3FBE3D12}.Release|Any CPU.Build.0 = Release|Any CPU
		{6FBD947C-8673-4E79-9FB2-0F1B3FBE3D12}.Release|Any CPU.Deploy.0 = Release|Any CPU
	EndGlobalSection
	GlobalSection(SolutionProperties) = preSolution
		HideSolutionNode = FALSE
	EndGlobalSection
	GlobalSection(ExtensibilityGlobals) = postSolution
		SolutionGuid = {5E3CC049-4759-44BE-BFC0-18DB489F576D}
	EndGlobalSection
EndGlobal
